
Microsoft Visual Studio Solution File, Format Version 12.00
# Visual Studio Version 16
VisualStudioVersion = 16.0.32002.261
MinimumVisualStudioVersion = 10.0.40219.1
Project("{9A19103F-16F7-4668-BE54-9A1E7A4F7556}") = "CSC237_TripLog12_start1", "CSC237_TripLog12_start1\CSC237_TripLog12_start1.csproj", "{BF74AF82-D462-4000-AAC7-C6EEE1F3C552}"
EndProject
Global
	GlobalSection(SolutionConfigurationPlatforms) = preSolution
		Debug|Any CPU = Debug|Any CPU
		Release|Any CPU = Release|Any CPU
	EndGlobalSection
	GlobalSection(ProjectConfigurationPlatforms) = postSolution
		{BF74AF82-D462-4000-AAC7-C6EEE1F3C552}.Debug|Any CPU.ActiveCfg = Debug|Any CPU
		{BF74AF82-D462-4000-AAC7-C6EEE1F3C552}.Debug|Any CPU.Build.0 = Debug|Any CPU
		{BF74AF82-D462-4000-AAC7-C6EEE1F3C552}.Release|Any CPU.ActiveCfg = Release|Any CPU
		{BF74AF82-D462-4000-AAC7-C6EEE1F3C552}.Release|Any CPU.Build.0 = Release|Any CPU
	EndGlobalSection
	GlobalSection(SolutionProperties) = preSolution
		HideSolutionNode = FALSE
	EndGlobalSection
	GlobalSection(ExtensibilityGlobals) = postSolution
		SolutionGuid = {66D713F8-4269-426C-8983-7B971EAB290C}
	EndGlobalSection
EndGlobal
